{
  "version": 1,
  "dependencies": {
    ".NETStandard,Version=v2.0": {
      "NETStandard.Library": {
        "type": "Direct",
        "requested": "[2.0.3, )",
        "resolved": "2.0.3",
        "contentHash": "st47PosZSHrjECdjeIzZQbzivYBJFv6P2nv4cj2ypdI204DO+vZ7l5raGMiX4eXMJ53RfOIg+/s4DHVZ54Nu2A==",
        "dependencies": {
          "Microsoft.NETCore.Platforms": "1.1.0"
        }
      },
      "System.Data.SQLite.Core": {
        "type": "Direct",
        "requested": "[1.0.115.5, )",
        "resolved": "1.0.115.5",
        "contentHash": "vADIqqgpxaC5xR6qOV8/KMZkQeSDCfmmWpVOtQx0oEr3Yjq2XdTxX7+jfE4+oO2xPovAbYiz6Q5cLRbSsDkq6Q==",
        "dependencies": {
          "Stub.System.Data.SQLite.Core.NetStandard": "[1.0.115.5]"
        }
      },
      "Microsoft.NETCore.Platforms": {
        "type": "Transitive",
        "resolved": "1.1.0",
        "contentHash": "kz0PEW2lhqygehI/d6XsPCQzD7ff7gUJaVGPVETX611eadGsA3A877GdSlU0LRVMCTH/+P3o2iDTak+S08V2+A=="
      },
      "Stub.System.Data.SQLite.Core.NetStandard": {
        "type": "Transitive",
        "resolved": "1.0.115.5",
        "contentHash": "WfrqQg6WL+r4H1sVKTenNj6ERLXUukUxqcjH1rqPqXadeIWccTVpydESieD7cZ/NWQVSKLYIHuoBX5du+BFhIQ=="
      }
    },
    ".NETStandard,Version=v2.1": {
      "System.Data.SQLite.Core": {
        "type": "Direct",
        "requested": "[1.0.115.5, )",
        "resolved": "1.0.115.5",
        "contentHash": "vADIqqgpxaC5xR6qOV8/KMZkQeSDCfmmWpVOtQx0oEr3Yjq2XdTxX7+jfE4+oO2xPovAbYiz6Q5cLRbSsDkq6Q==",
        "dependencies": {
          "Stub.System.Data.SQLite.Core.NetStandard": "[1.0.115.5]"
        }
      },
      "Stub.System.Data.SQLite.Core.NetStandard": {
        "type": "Transitive",
        "resolved": "1.0.115.5",
        "contentHash": "WfrqQg6WL+r4H1sVKTenNj6ERLXUukUxqcjH1rqPqXadeIWccTVpydESieD7cZ/NWQVSKLYIHuoBX5du+BFhIQ=="
      }
    },
    ".NETCoreApp,Version=v5.0": {
      "System.Data.SQLite.Core": {
        "type": "Direct",
        "requested": "[1.0.115.5, )",
        "resolved": "1.0.115.5",
        "contentHash": "vADIqqgpxaC5xR6qOV8/KMZkQeSDCfmmWpVOtQx0oEr3Yjq2XdTxX7+jfE4+oO2xPovAbYiz6Q5cLRbSsDkq6Q==",
        "dependencies": {
          "Stub.System.Data.SQLite.Core.NetStandard": "[1.0.115.5]"
        }
      },
      "Stub.System.Data.SQLite.Core.NetStandard": {
        "type": "Transitive",
        "resolved": "1.0.115.5",
        "contentHash": "WfrqQg6WL+r4H1sVKTenNj6ERLXUukUxqcjH1rqPqXadeIWccTVpydESieD7cZ/NWQVSKLYIHuoBX5du+BFhIQ=="
      }
    },
    "net6.0": {
      "System.Data.SQLite.Core": {
        "type": "Direct",
        "requested": "[1.0.115.5, )",
        "resolved": "1.0.115.5",
        "contentHash": "vADIqqgpxaC5xR6qOV8/KMZkQeSDCfmmWpVOtQx0oEr3Yjq2XdTxX7+jfE4+oO2xPovAbYiz6Q5cLRbSsDkq6Q==",
        "dependencies": {
          "Stub.System.Data.SQLite.Core.NetStandard": "[1.0.115.5]"
        }
      },
      "Stub.System.Data.SQLite.Core.NetStandard": {
        "type": "Transitive",
        "resolved": "1.0.115.5",
        "contentHash": "WfrqQg6WL+r4H1sVKTenNj6ERLXUukUxqcjH1rqPqXadeIWccTVpydESieD7cZ/NWQVSKLYIHuoBX5du+BFhIQ=="
      }
    }
  }
}